<?xml version="1.0" encoding="utf-8"?>
<Project ToolsVersion="4.0" xmlns="http://schemas.microsoft.com/developer/msbuild/2003">
  <ItemGroup>
    <Filter Include="Source Files">
      <UniqueIdentifier>{9b157a37-44e6-46db-8831-23559e3e8d86}</UniqueIdentifier>
      <Extensions>cpp;c;cxx;rc;def;r;odl;idl;hpj;bat</Extensions>
    </Filter>
    <Filter Include="Header Files">
      <UniqueIdentifier>{2f362be0-8017-45c9-a435-3aaeee4e84ca}</UniqueIdentifier>
      <Extensions>h;hpp;hxx;hm;inl</Extensions>
    </Filter>
    <Filter Include="Resource Files">
      <UniqueIdentifier>{209cce1d-db6a-44a9-b901-b0194339eb2e}</UniqueIdentifier>
      <Extensions>ico;cur;bmp;dlg;rc2;rct;bin;rgs;gif;jpg;jpeg;jpe</Extensions>
    </Filter>
  </ItemGroup>
  <ItemGroup>
    <ClCompile Include="ApiHijack.cpp">
      <Filter>Source Files</Filter>
    </ClCompile>
    <ClCompile Include="CIniFile.cpp">
      <Filter>Source Files</Filter>
    </ClCompile>
    <ClCompile Include="Crc32.cpp">
      <Filter>Source Files</Filter>
    </ClCompile>
    <ClCompile Include="dllmain.cpp">
      <Filter>Source Files</Filter>
    </ClCompile>
    <ClCompile Include="FAKE_IDirect3D8.cpp">
      <Filter>Source Files</Filter>
    </ClCompile>
    <ClCompile Include="FAKE_IDirect3DDevice8.cpp">
      <Filter>Source Files</Filter>
    </ClCompile>
    <ClCompile Include="FAKE_IDirect3DTexture8.cpp">
      <Filter>Source Files</Filter>
    </ClCompile>
    <ClCompile Include="FAKE_IDirectInput8.cpp">
      <Filter>Source Files</Filter>
    </ClCompile>
    <ClCompile Include="FAKE_IDirectInputDevice8.cpp">
      <Filter>Source Files</Filter>
    </ClCompile>
    <ClCompile Include="Hooks.cpp">
      <Filter>Source Files</Filter>
    </ClCompile>
    <ClCompile Include="Timer.cpp">
      <Filter>Source Files</Filter>
    </ClCompile>
    <ClCompile Include="UObject.cpp">
      <Filter>Source Files</Filter>
    </ClCompile>
    <ClCompile Include="UPickup.cpp">
      <Filter>Source Files</Filter>
    </ClCompile>
    <ClCompile Include="UTarget.cpp">
      <Filter>Source Files</Filter>
    </ClCompile>
    <ClCompile Include="XAim.cpp">
      <Filter>Source Files</Filter>
    </ClCompile>
    <ClCompile Include="XBot.cpp">
      <Filter>Source Files</Filter>
    </ClCompile>
    <ClCompile Include="XBot2.cpp">
      <Filter>Source Files</Filter>
    </ClCompile>
    <ClCompile Include="XCommandHandler.cpp">
      <Filter>Source Files</Filter>
    </ClCompile>
    <ClCompile Include="XConsole.cpp">
      <Filter>Source Files</Filter>
    </ClCompile>
    <ClCompile Include="XD3DAnalyzer.cpp">
      <Filter>Source Files</Filter>
    </ClCompile>
    <ClCompile Include="XDodger.cpp">
      <Filter>Source Files</Filter>
    </ClCompile>
    <ClCompile Include="XDrawer.cpp">
      <Filter>Source Files</Filter>
    </ClCompile>
    <ClCompile Include="XFileFormat.cpp">
      <Filter>Source Files</Filter>
    </ClCompile>
    <ClCompile Include="XInputHandler.cpp">
      <Filter>Source Files</Filter>
    </ClCompile>
    <ClCompile Include="XMenu.cpp">
      <Filter>Source Files</Filter>
    </ClCompile>
    <ClCompile Include="XParser.cpp">
      <Filter>Source Files</Filter>
    </ClCompile>
    <ClCompile Include="XRegedit.cpp">
      <Filter>Source Files</Filter>
    </ClCompile>
    <ClCompile Include="XUT2k4CommandHandler.cpp">
      <Filter>Source Files</Filter>
    </ClCompile>
    <ClCompile Include="XConfig.cpp">
      <Filter>Source Files</Filter>
    </ClCompile>
  </ItemGroup>
  <ItemGroup>
    <ClInclude Include="ApiHijack.h">
      <Filter>Header Files</Filter>
    </ClInclude>
    <ClInclude Include="CIniFile.h">
      <Filter>Header Files</Filter>
    </ClInclude>
    <ClInclude Include="Crc32.h">
      <Filter>Header Files</Filter>
    </ClInclude>
    <ClInclude Include="CrcTable.h">
      <Filter>Header Files</Filter>
    </ClInclude>
    <ClInclude Include="defines.h">
      <Filter>Header Files</Filter>
    </ClInclude>
    <ClInclude Include="FAKE_IDirect3D8.h">
      <Filter>Header Files</Filter>
    </ClInclude>
    <ClInclude Include="FAKE_IDirect3DDevice8.h">
      <Filter>Header Files</Filter>
    </ClInclude>
    <ClInclude Include="FAKE_IDirect3DTexture8.h">
      <Filter>Header Files</Filter>
    </ClInclude>
    <ClInclude Include="FAKE_IDirectInput8.h">
      <Filter>Header Files</Filter>
    </ClInclude>
    <ClInclude Include="FAKE_IDirectInputDevice8.h">
      <Filter>Header Files</Filter>
    </ClInclude>
    <ClInclude Include="globals.h">
      <Filter>Header Files</Filter>
    </ClInclude>
    <ClInclude Include="Hooks.h">
      <Filter>Header Files</Filter>
    </ClInclude>
    <ClInclude Include="structs.h">
      <Filter>Header Files</Filter>
    </ClInclude>
    <ClInclude Include="Timer.h">
      <Filter>Header Files</Filter>
    </ClInclude>
    <ClInclude Include="UObject.h">
      <Filter>Header Files</Filter>
    </ClInclude>
    <ClInclude Include="UPickup.h">
      <Filter>Header Files</Filter>
    </ClInclude>
    <ClInclude Include="UTarget.h">
      <Filter>Header Files</Filter>
    </ClInclude>
    <ClInclude Include="XAim.h">
      <Filter>Header Files</Filter>
    </ClInclude>
    <ClInclude Include="XBot.h">
      <Filter>Header Files</Filter>
    </ClInclude>
    <ClInclude Include="XCommandHandler.h">
      <Filter>Header Files</Filter>
    </ClInclude>
    <ClInclude Include="XConsole.h">
      <Filter>Header Files</Filter>
    </ClInclude>
    <ClInclude Include="XD3DAnalyzer.h">
      <Filter>Header Files</Filter>
    </ClInclude>
    <ClInclude Include="XDodger.h">
      <Filter>Header Files</Filter>
    </ClInclude>
    <ClInclude Include="XDrawer.h">
      <Filter>Header Files</Filter>
    </ClInclude>
    <ClInclude Include="XFileFormat.h">
      <Filter>Header Files</Filter>
    </ClInclude>
    <ClInclude Include="XInputHandler.h">
      <Filter>Header Files</Filter>
    </ClInclude>
    <ClInclude Include="XMenu.h">
      <Filter>Header Files</Filter>
    </ClInclude>
    <ClInclude Include="XRegedit.h">
      <Filter>Header Files</Filter>
    </ClInclude>
    <ClInclude Include="XUT2k4CommandHandler.h">
      <Filter>Header Files</Filter>
    </ClInclude>
    <ClInclude Include="XConfig.h">
      <Filter>Header Files</Filter>
    </ClInclude>
  </ItemGroup>
</Project>