<?xml version="1.0" encoding="utf-8"?>
<Project ToolsVersion="4.0" xmlns="http://schemas.microsoft.com/developer/msbuild/2003">
  <ItemGroup>
    <Filter Include="Source Files">
      <UniqueIdentifier>{a7ab6d47-ab5a-46bd-9e3b-b9c6143caac2}</UniqueIdentifier>
      <Extensions>cpp;c;cxx;rc;def;r;odl;idl;hpj;bat;for;f90</Extensions>
    </Filter>
    <Filter Include="Header Files">
      <UniqueIdentifier>{a20af5d5-9999-4458-bcb1-84aa3729cb52}</UniqueIdentifier>
      <Extensions>h;hpp;hxx;hm;inl;fi;fd</Extensions>
    </Filter>
    <Filter Include="Resource Files">
      <UniqueIdentifier>{248a9849-2fd4-44ab-9962-7dfc645ef9dd}</UniqueIdentifier>
      <Extensions>ico;cur;bmp;dlg;rc2;rct;bin;cnt;rtf;gif;jpg;jpeg;jpe</Extensions>
    </Filter>
  </ItemGroup>
  <ItemGroup>
    <ClCompile Include="CiniFile.cpp">
      <Filter>Source Files</Filter>
    </ClCompile>
    <ClCompile Include="LineEditEx.cpp">
      <Filter>Source Files</Filter>
    </ClCompile>
    <ClCompile Include="main.cpp">
      <Filter>Source Files</Filter>
    </ClCompile>
    <ClCompile Include="moc_LineEditEx.cpp">
      <Filter>Source Files</Filter>
    </ClCompile>
    <ClCompile Include="moc_xbotlauncherdialog.cpp">
      <Filter>Source Files</Filter>
    </ClCompile>
    <ClCompile Include="moc_xbotlauncherdialogbase.cpp">
      <Filter>Source Files</Filter>
    </ClCompile>
    <ClCompile Include="moc_XGlLogo.cpp">
      <Filter>Source Files</Filter>
    </ClCompile>
    <ClCompile Include="moc_XListView.cpp">
      <Filter>Source Files</Filter>
    </ClCompile>
    <ClCompile Include="xbotlauncherdialog.cpp">
      <Filter>Source Files</Filter>
    </ClCompile>
    <ClCompile Include="xbotlauncherdialogbase.cpp">
      <Filter>Source Files</Filter>
    </ClCompile>
    <ClCompile Include="XConfig.cpp">
      <Filter>Source Files</Filter>
    </ClCompile>
    <ClCompile Include="..\XBotDll\XFileFormat.cpp">
      <Filter>Source Files</Filter>
    </ClCompile>
    <ClCompile Include="XGlLogo.cpp">
      <Filter>Source Files</Filter>
    </ClCompile>
    <ClCompile Include="XListView.cpp">
      <Filter>Source Files</Filter>
    </ClCompile>
  </ItemGroup>
  <ItemGroup>
    <ResourceCompile Include="XBotLauncher.rc">
      <Filter>Source Files</Filter>
    </ResourceCompile>
  </ItemGroup>
  <ItemGroup>
    <ClInclude Include="CiniFile.h">
      <Filter>Header Files</Filter>
    </ClInclude>
    <ClInclude Include="XConfig.h">
      <Filter>Header Files</Filter>
    </ClInclude>
    <ClInclude Include="XListView.h">
      <Filter>Header Files</Filter>
    </ClInclude>
  </ItemGroup>
  <ItemGroup>
    <None Include="xbot.ico">
      <Filter>Resource Files</Filter>
    </None>
    <None Include="readme.txt" />
  </ItemGroup>
  <ItemGroup>
    <CustomBuild Include="LineEditEx.h">
      <Filter>Header Files</Filter>
    </CustomBuild>
    <CustomBuild Include="xbotlauncherdialog.h">
      <Filter>Header Files</Filter>
    </CustomBuild>
    <CustomBuild Include="xbotlauncherdialogbase.h">
      <Filter>Header Files</Filter>
    </CustomBuild>
    <CustomBuild Include="XGlLogo.h">
      <Filter>Header Files</Filter>
    </CustomBuild>
  </ItemGroup>
</Project>