<?xml version="1.0" encoding="utf-8"?>
<Project ToolsVersion="4.0" xmlns="http://schemas.microsoft.com/developer/msbuild/2003">
  <ItemGroup>
    <Filter Include="Source Files">
      <UniqueIdentifier>{3f1c2bf3-0a2c-4210-81e6-ac3e3ae7db23}</UniqueIdentifier>
      <Extensions>cpp;c;cxx;rc;def;r;odl;idl;hpj;bat</Extensions>
    </Filter>
    <Filter Include="Header Files">
      <UniqueIdentifier>{337f8b13-4aaa-4df9-8ecb-a2d477c5f8c7}</UniqueIdentifier>
      <Extensions>h;hpp;hxx;hm;inl</Extensions>
    </Filter>
    <Filter Include="Resource Files">
      <UniqueIdentifier>{3b6bf3e5-ab40-4be8-ad04-1b451e60a7f1}</UniqueIdentifier>
      <Extensions>ico;cur;bmp;dlg;rc2;rct;bin;rgs;gif;jpg;jpeg;jpe</Extensions>
    </Filter>
    <Filter Include="Generated">
      <UniqueIdentifier>{b86bd5e6-f957-478d-9267-2057a8f16932}</UniqueIdentifier>
    </Filter>
  </ItemGroup>
  <ItemGroup>
    <ClCompile Include="CIniFile.cpp">
      <Filter>Source Files</Filter>
    </ClCompile>
    <ClCompile Include="LineEditEx.cpp">
      <Filter>Source Files</Filter>
    </ClCompile>
    <ClCompile Include="main.cpp">
      <Filter>Source Files</Filter>
    </ClCompile>
    <ClCompile Include="xbotlauncherdialog.cpp">
      <Filter>Source Files</Filter>
    </ClCompile>
    <ClCompile Include="xbotlauncherdialogbase.cpp">
      <Filter>Source Files</Filter>
    </ClCompile>
    <ClCompile Include="XConfig.cpp">
      <Filter>Source Files</Filter>
    </ClCompile>
    <ClCompile Include="XFileFormat.cpp">
      <Filter>Source Files</Filter>
    </ClCompile>
    <ClCompile Include="XGlLogo.cpp">
      <Filter>Source Files</Filter>
    </ClCompile>
    <ClCompile Include="XListView.cpp">
      <Filter>Source Files</Filter>
    </ClCompile>
    <ClCompile Include="moc_LineEditEx.cpp">
      <Filter>Generated</Filter>
    </ClCompile>
    <ClCompile Include="moc_xbotlauncherdialog.cpp">
      <Filter>Generated</Filter>
    </ClCompile>
    <ClCompile Include="moc_xbotlauncherdialogbase.cpp">
      <Filter>Generated</Filter>
    </ClCompile>
    <ClCompile Include="moc_XGlLogo.cpp">
      <Filter>Generated</Filter>
    </ClCompile>
    <ClCompile Include="moc_XListView.cpp">
      <Filter>Generated</Filter>
    </ClCompile>
  </ItemGroup>
  <ItemGroup>
    <ResourceCompile Include="XTools.rc">
      <Filter>Source Files</Filter>
    </ResourceCompile>
  </ItemGroup>
  <ItemGroup>
    <ClInclude Include="CIniFile.h">
      <Filter>Header Files</Filter>
    </ClInclude>
    <ClInclude Include="detours\detours.h">
      <Filter>Header Files</Filter>
    </ClInclude>
    <ClInclude Include="resource.h">
      <Filter>Header Files</Filter>
    </ClInclude>
    <ClInclude Include="XConfig.h">
      <Filter>Header Files</Filter>
    </ClInclude>
    <ClInclude Include="XFileFormat.h">
      <Filter>Header Files</Filter>
    </ClInclude>
  </ItemGroup>
  <ItemGroup>
    <None Include="XTools.ico">
      <Filter>Resource Files</Filter>
    </None>
  </ItemGroup>
  <ItemGroup>
    <CustomBuild Include="LineEditEx.h">
      <Filter>Header Files</Filter>
    </CustomBuild>
    <CustomBuild Include="xbotlauncherdialog.h">
      <Filter>Header Files</Filter>
    </CustomBuild>
    <CustomBuild Include="xbotlauncherdialogbase.h">
      <Filter>Header Files</Filter>
    </CustomBuild>
    <CustomBuild Include="XGlLogo.h">
      <Filter>Header Files</Filter>
    </CustomBuild>
    <CustomBuild Include="XListView.h">
      <Filter>Header Files</Filter>
    </CustomBuild>
  </ItemGroup>
</Project>