<?xml version="1.0" encoding="utf-8"?>
<Project ToolsVersion="4.0" xmlns="http://schemas.microsoft.com/developer/msbuild/2003">
  <ItemGroup>
    <Filter Include="Source Files">
      <UniqueIdentifier>{d57cc1eb-32f9-4207-8077-02083c1cd121}</UniqueIdentifier>
      <Extensions>cpp;c;cxx;rc;def;r;odl;idl;hpj;bat</Extensions>
    </Filter>
    <Filter Include="Header Files">
      <UniqueIdentifier>{1303c2fb-3bec-4ce0-a0f5-e7008c37680e}</UniqueIdentifier>
      <Extensions>h;hpp;hxx;hm;inl</Extensions>
    </Filter>
    <Filter Include="Resource Files">
      <UniqueIdentifier>{e1498056-f7cb-4ee1-b9bb-055154a10052}</UniqueIdentifier>
      <Extensions>ico;cur;bmp;dlg;rc2;rct;bin;rgs;gif;jpg;jpeg;jpe</Extensions>
    </Filter>
  </ItemGroup>
  <ItemGroup>
    <ClCompile Include="main.cpp">
      <Filter>Source Files</Filter>
    </ClCompile>
    <ClCompile Include="XFireMode.cpp">
      <Filter>Source Files</Filter>
    </ClCompile>
    <ClCompile Include="XFireModeDirectInstantOnKeydown.cpp">
      <Filter>Source Files</Filter>
    </ClCompile>
    <ClCompile Include="XWeapon.cpp">
      <Filter>Source Files</Filter>
    </ClCompile>
    <ClCompile Include="XWeaponManager.cpp">
      <Filter>Source Files</Filter>
    </ClCompile>
  </ItemGroup>
  <ItemGroup>
    <ClInclude Include="CrcTable.h">
      <Filter>Header Files</Filter>
    </ClInclude>
    <ClInclude Include="XFireMode.h">
      <Filter>Header Files</Filter>
    </ClInclude>
    <ClInclude Include="XFireModeDirectInstantOnKeydown.h">
      <Filter>Header Files</Filter>
    </ClInclude>
    <ClInclude Include="XWeapon.h">
      <Filter>Header Files</Filter>
    </ClInclude>
    <ClInclude Include="XWeaponManager.h">
      <Filter>Header Files</Filter>
    </ClInclude>
  </ItemGroup>
</Project>